
Microsoft Visual Studio Solution File, Format Version 12.00
# Visual Studio Version 17
VisualStudioVersion = 17.2.32519.379
MinimumVisualStudioVersion = 10.0.40219.1
Project("{2150E333-8FDC-42A3-9474-1A3956D46DE8}") = "src", "src", "{DE1A963C-9EBE-4D1C-9CD4-9FCF9D28C370}"
EndProject
Project("{2150E333-8FDC-42A3-9474-1A3956D46DE8}") = "Building Blocks", "Building Blocks", "{7876AD99-9E4B-4CD7-9CE9-43E73EE700DA}"
EndProject
Project("{2150E333-8FDC-42A3-9474-1A3956D46DE8}") = "Services", "Services", "{0236B96F-0828-4C6F-8973-889878AA8065}"
EndProject
Project("{2150E333-8FDC-42A3-9474-1A3956D46DE8}") = "Web", "Web", "{8FD6FE1C-ADB3-442D-A701-055E7398ED59}"
EndProject
Project("{2150E333-8FDC-42A3-9474-1A3956D46DE8}") = "Identidade", "Identidade", "{61D639D4-A38D-4C86-A820-493485580CA1}"
EndProject
Project("{9A19103F-16F7-4668-BE54-9A1E7A4F7556}") = "NSE.Identidade.API", "src\services\NSE.Identidade.API\NSE.Identidade.API.csproj", "{5DF835FE-793A-4709-AD75-AEB2443BFDA8}"
EndProject
Project("{2150E333-8FDC-42A3-9474-1A3956D46DE8}") = "MVC", "MVC", "{04E82158-F737-4739-A574-B7AD9DDB7CE3}"
EndProject
Project("{9A19103F-16F7-4668-BE54-9A1E7A4F7556}") = "NSE.WebApp.MVC", "src\web\NSE.WebApp.MVC\NSE.WebApp.MVC.csproj", "{D32FA361-B764-4604-AA37-02A23E69B0ED}"
EndProject
Project("{2150E333-8FDC-42A3-9474-1A3956D46DE8}") = "Core", "Core", "{10707943-40F4-4FBA-BCC5-5DC2CA31C1D9}"
EndProject
Project("{9A19103F-16F7-4668-BE54-9A1E7A4F7556}") = "NSE.Core", "src\building blocks\NSE.Core\NSE.Core.csproj", "{B3EB8DD5-F787-4A66-95F4-7D582A6A549F}"
EndProject
Project("{2150E333-8FDC-42A3-9474-1A3956D46DE8}") = "Carrinho", "Carrinho", "{169312D8-7A12-4FB8-A30A-E8608B392361}"
EndProject
Project("{9A19103F-16F7-4668-BE54-9A1E7A4F7556}") = "NSE.Carrinho.API", "src\services\NSE.Carrinho.API\NSE.Carrinho.API.csproj", "{C35E5ADE-DDE0-425F-A3D0-E7388F4C33FA}"
EndProject
Project("{2150E333-8FDC-42A3-9474-1A3956D46DE8}") = "Catalogo", "Catalogo", "{E4C132FC-FA2F-4AE6-AD16-351870FDD301}"
EndProject
Project("{9A19103F-16F7-4668-BE54-9A1E7A4F7556}") = "NSE.Catalogo.API", "src\services\NSE.Catalogo.API\NSE.Catalogo.API.csproj", "{63FC2A3B-4225-4D56-813D-47C2FC0127FE}"
EndProject
Project("{2150E333-8FDC-42A3-9474-1A3956D46DE8}") = "Cliente", "Cliente", "{F3766479-AD23-44D9-8691-A6AE05B1B2C6}"
EndProject
Project("{2150E333-8FDC-42A3-9474-1A3956D46DE8}") = "Pagamento", "Pagamento", "{EBBCF194-DD7E-432D-AC76-8B1A2FD73C52}"
EndProject
Project("{9A19103F-16F7-4668-BE54-9A1E7A4F7556}") = "NSE.Pagamento.API", "src\services\NSE.Pagamento.API\NSE.Pagamento.API.csproj", "{E46ADD45-F9B7-490A-97F5-5F0F4500FAE5}"
EndProject
Project("{2150E333-8FDC-42A3-9474-1A3956D46DE8}") = "Pedido", "Pedido", "{69C26707-5A8C-43B6-81E7-148C22C05A18}"
EndProject
Project("{9A19103F-16F7-4668-BE54-9A1E7A4F7556}") = "NSE.Pedidos.API", "src\services\NSE.Pedidos.API\NSE.Pedidos.API.csproj", "{60B5E56E-0F96-4910-A57C-71CA657991B6}"
EndProject
Project("{2150E333-8FDC-42A3-9474-1A3956D46DE8}") = "Services", "Services", "{40698C75-8930-4106-A9F6-2E8CEAF00261}"
EndProject
Project("{9A19103F-16F7-4668-BE54-9A1E7A4F7556}") = "NSE.WebAPI.Core", "src\building blocks\NSE.WebAPI.Core\NSE.WebAPI.Core.csproj", "{0499A319-241F-4AC2-9046-FADCBDBAF4EF}"
EndProject
Project("{9A19103F-16F7-4668-BE54-9A1E7A4F7556}") = "NSE.Clientes.API", "src\services\NSE.Clientes.API\NSE.Clientes.API.csproj", "{9E117953-21BE-4AFB-B58E-CA83A8051A0F}"
EndProject
Project("{2150E333-8FDC-42A3-9474-1A3956D46DE8}") = "MessageBus", "MessageBus", "{83A78490-C848-4684-96B0-0BA40F837FA6}"
EndProject
Project("{9A19103F-16F7-4668-BE54-9A1E7A4F7556}") = "NSE.MessageBus", "src\building blocks\NSE.MessageBus\NSE.MessageBus.csproj", "{B0EC524C-4135-4148-9673-F2E391DEFF4D}"
EndProject
Project("{2150E333-8FDC-42A3-9474-1A3956D46DE8}") = "ApiGateways", "ApiGateways", "{6F8CB865-5EE1-4481-829F-0082B48637AD}"
EndProject
Project("{2150E333-8FDC-42A3-9474-1A3956D46DE8}") = "Compras", "Compras", "{B82C4B51-AF66-4479-B790-55E64DF3A915}"
EndProject
Project("{9A19103F-16F7-4668-BE54-9A1E7A4F7556}") = "NSE.Bff.Compras", "src\api gateways\NSE.Bff.Compras\NSE.Bff.Compras.csproj", "{202670AA-5551-4CC3-925A-94B3F4E4AC01}"
EndProject
Project("{9A19103F-16F7-4668-BE54-9A1E7A4F7556}") = "NSE.Pedidos.Domain", "src\services\NSE.Pedidos.Domain\NSE.Pedidos.Domain.csproj", "{5BF18B52-CA8C-47D5-9B24-466F60C6DF21}"
EndProject
Project("{9A19103F-16F7-4668-BE54-9A1E7A4F7556}") = "NSE.Pedidos.Infra", "src\services\NSE.Pedidos.Infra\NSE.Pedidos.Infra.csproj", "{07D91359-183A-4C5F-BB68-4FF55A737A43}"
EndProject
Project("{FAE04EC0-301F-11D3-BF4B-00C04F79EFBC}") = "NSE.Pagamentos.NerdsPag", "src\services\NSE.Pagamentos.NerdsPag\NSE.Pagamentos.NerdsPag.csproj", "{982764FE-FA64-4A8A-9220-B16F4CDE3AF3}"
EndProject
Global
	GlobalSection(SolutionConfigurationPlatforms) = preSolution
		Debug|Any CPU = Debug|Any CPU
		Release|Any CPU = Release|Any CPU
	EndGlobalSection
	GlobalSection(ProjectConfigurationPlatforms) = postSolution
		{5DF835FE-793A-4709-AD75-AEB2443BFDA8}.Debug|Any CPU.ActiveCfg = Debug|Any CPU
		{5DF835FE-793A-4709-AD75-AEB2443BFDA8}.Debug|Any CPU.Build.0 = Debug|Any CPU
		{5DF835FE-793A-4709-AD75-AEB2443BFDA8}.Release|Any CPU.ActiveCfg = Release|Any CPU
		{5DF835FE-793A-4709-AD75-AEB2443BFDA8}.Release|Any CPU.Build.0 = Release|Any CPU
		{D32FA361-B764-4604-AA37-02A23E69B0ED}.Debug|Any CPU.ActiveCfg = Debug|Any CPU
		{D32FA361-B764-4604-AA37-02A23E69B0ED}.Debug|Any CPU.Build.0 = Debug|Any CPU
		{D32FA361-B764-4604-AA37-02A23E69B0ED}.Release|Any CPU.ActiveCfg = Release|Any CPU
		{D32FA361-B764-4604-AA37-02A23E69B0ED}.Release|Any CPU.Build.0 = Release|Any CPU
		{B3EB8DD5-F787-4A66-95F4-7D582A6A549F}.Debug|Any CPU.ActiveCfg = Debug|Any CPU
		{B3EB8DD5-F787-4A66-95F4-7D582A6A549F}.Debug|Any CPU.Build.0 = Debug|Any CPU
		{B3EB8DD5-F787-4A66-95F4-7D582A6A549F}.Release|Any CPU.ActiveCfg = Release|Any CPU
		{B3EB8DD5-F787-4A66-95F4-7D582A6A549F}.Release|Any CPU.Build.0 = Release|Any CPU
		{C35E5ADE-DDE0-425F-A3D0-E7388F4C33FA}.Debug|Any CPU.ActiveCfg = Debug|Any CPU
		{C35E5ADE-DDE0-425F-A3D0-E7388F4C33FA}.Debug|Any CPU.Build.0 = Debug|Any CPU
		{C35E5ADE-DDE0-425F-A3D0-E7388F4C33FA}.Release|Any CPU.ActiveCfg = Release|Any CPU
		{C35E5ADE-DDE0-425F-A3D0-E7388F4C33FA}.Release|Any CPU.Build.0 = Release|Any CPU
		{63FC2A3B-4225-4D56-813D-47C2FC0127FE}.Debug|Any CPU.ActiveCfg = Debug|Any CPU
		{63FC2A3B-4225-4D56-813D-47C2FC0127FE}.Debug|Any CPU.Build.0 = Debug|Any CPU
		{63FC2A3B-4225-4D56-813D-47C2FC0127FE}.Release|Any CPU.ActiveCfg = Release|Any CPU
		{63FC2A3B-4225-4D56-813D-47C2FC0127FE}.Release|Any CPU.Build.0 = Release|Any CPU
		{E46ADD45-F9B7-490A-97F5-5F0F4500FAE5}.Debug|Any CPU.ActiveCfg = Debug|Any CPU
		{E46ADD45-F9B7-490A-97F5-5F0F4500FAE5}.Debug|Any CPU.Build.0 = Debug|Any CPU
		{E46ADD45-F9B7-490A-97F5-5F0F4500FAE5}.Release|Any CPU.ActiveCfg = Release|Any CPU
		{E46ADD45-F9B7-490A-97F5-5F0F4500FAE5}.Release|Any CPU.Build.0 = Release|Any CPU
		{60B5E56E-0F96-4910-A57C-71CA657991B6}.Debug|Any CPU.ActiveCfg = Debug|Any CPU
		{60B5E56E-0F96-4910-A57C-71CA657991B6}.Debug|Any CPU.Build.0 = Debug|Any CPU
		{60B5E56E-0F96-4910-A57C-71CA657991B6}.Release|Any CPU.ActiveCfg = Release|Any CPU
		{60B5E56E-0F96-4910-A57C-71CA657991B6}.Release|Any CPU.Build.0 = Release|Any CPU
		{0499A319-241F-4AC2-9046-FADCBDBAF4EF}.Debug|Any CPU.ActiveCfg = Debug|Any CPU
		{0499A319-241F-4AC2-9046-FADCBDBAF4EF}.Debug|Any CPU.Build.0 = Debug|Any CPU
		{0499A319-241F-4AC2-9046-FADCBDBAF4EF}.Release|Any CPU.ActiveCfg = Release|Any CPU
		{0499A319-241F-4AC2-9046-FADCBDBAF4EF}.Release|Any CPU.Build.0 = Release|Any CPU
		{9E117953-21BE-4AFB-B58E-CA83A8051A0F}.Debug|Any CPU.ActiveCfg = Debug|Any CPU
		{9E117953-21BE-4AFB-B58E-CA83A8051A0F}.Debug|Any CPU.Build.0 = Debug|Any CPU
		{9E117953-21BE-4AFB-B58E-CA83A8051A0F}.Release|Any CPU.ActiveCfg = Release|Any CPU
		{9E117953-21BE-4AFB-B58E-CA83A8051A0F}.Release|Any CPU.Build.0 = Release|Any CPU
		{B0EC524C-4135-4148-9673-F2E391DEFF4D}.Debug|Any CPU.ActiveCfg = Debug|Any CPU
		{B0EC524C-4135-4148-9673-F2E391DEFF4D}.Debug|Any CPU.Build.0 = Debug|Any CPU
		{B0EC524C-4135-4148-9673-F2E391DEFF4D}.Release|Any CPU.ActiveCfg = Release|Any CPU
		{B0EC524C-4135-4148-9673-F2E391DEFF4D}.Release|Any CPU.Build.0 = Release|Any CPU
		{202670AA-5551-4CC3-925A-94B3F4E4AC01}.Debug|Any CPU.ActiveCfg = Debug|Any CPU
		{202670AA-5551-4CC3-925A-94B3F4E4AC01}.Debug|Any CPU.Build.0 = Debug|Any CPU
		{202670AA-5551-4CC3-925A-94B3F4E4AC01}.Release|Any CPU.ActiveCfg = Release|Any CPU
		{202670AA-5551-4CC3-925A-94B3F4E4AC01}.Release|Any CPU.Build.0 = Release|Any CPU
		{5BF18B52-CA8C-47D5-9B24-466F60C6DF21}.Debug|Any CPU.ActiveCfg = Debug|Any CPU
		{5BF18B52-CA8C-47D5-9B24-466F60C6DF21}.Debug|Any CPU.Build.0 = Debug|Any CPU
		{5BF18B52-CA8C-47D5-9B24-466F60C6DF21}.Release|Any CPU.ActiveCfg = Release|Any CPU
		{5BF18B52-CA8C-47D5-9B24-466F60C6DF21}.Release|Any CPU.Build.0 = Release|Any CPU
		{07D91359-183A-4C5F-BB68-4FF55A737A43}.Debug|Any CPU.ActiveCfg = Debug|Any CPU
		{07D91359-183A-4C5F-BB68-4FF55A737A43}.Debug|Any CPU.Build.0 = Debug|Any CPU
		{07D91359-183A-4C5F-BB68-4FF55A737A43}.Release|Any CPU.ActiveCfg = Release|Any CPU
		{07D91359-183A-4C5F-BB68-4FF55A737A43}.Release|Any CPU.Build.0 = Release|Any CPU
		{982764FE-FA64-4A8A-9220-B16F4CDE3AF3}.Debug|Any CPU.ActiveCfg = Debug|Any CPU
		{982764FE-FA64-4A8A-9220-B16F4CDE3AF3}.Debug|Any CPU.Build.0 = Debug|Any CPU
		{982764FE-FA64-4A8A-9220-B16F4CDE3AF3}.Release|Any CPU.ActiveCfg = Release|Any CPU
		{982764FE-FA64-4A8A-9220-B16F4CDE3AF3}.Release|Any CPU.Build.0 = Release|Any CPU
	EndGlobalSection
	GlobalSection(SolutionProperties) = preSolution
		HideSolutionNode = FALSE
	EndGlobalSection
	GlobalSection(NestedProjects) = preSolution
		{7876AD99-9E4B-4CD7-9CE9-43E73EE700DA} = {DE1A963C-9EBE-4D1C-9CD4-9FCF9D28C370}
		{0236B96F-0828-4C6F-8973-889878AA8065} = {DE1A963C-9EBE-4D1C-9CD4-9FCF9D28C370}
		{8FD6FE1C-ADB3-442D-A701-055E7398ED59} = {DE1A963C-9EBE-4D1C-9CD4-9FCF9D28C370}
		{61D639D4-A38D-4C86-A820-493485580CA1} = {0236B96F-0828-4C6F-8973-889878AA8065}
		{5DF835FE-793A-4709-AD75-AEB2443BFDA8} = {61D639D4-A38D-4C86-A820-493485580CA1}
		{04E82158-F737-4739-A574-B7AD9DDB7CE3} = {8FD6FE1C-ADB3-442D-A701-055E7398ED59}
		{D32FA361-B764-4604-AA37-02A23E69B0ED} = {04E82158-F737-4739-A574-B7AD9DDB7CE3}
		{10707943-40F4-4FBA-BCC5-5DC2CA31C1D9} = {7876AD99-9E4B-4CD7-9CE9-43E73EE700DA}
		{B3EB8DD5-F787-4A66-95F4-7D582A6A549F} = {10707943-40F4-4FBA-BCC5-5DC2CA31C1D9}
		{169312D8-7A12-4FB8-A30A-E8608B392361} = {0236B96F-0828-4C6F-8973-889878AA8065}
		{C35E5ADE-DDE0-425F-A3D0-E7388F4C33FA} = {169312D8-7A12-4FB8-A30A-E8608B392361}
		{E4C132FC-FA2F-4AE6-AD16-351870FDD301} = {0236B96F-0828-4C6F-8973-889878AA8065}
		{63FC2A3B-4225-4D56-813D-47C2FC0127FE} = {E4C132FC-FA2F-4AE6-AD16-351870FDD301}
		{F3766479-AD23-44D9-8691-A6AE05B1B2C6} = {0236B96F-0828-4C6F-8973-889878AA8065}
		{EBBCF194-DD7E-432D-AC76-8B1A2FD73C52} = {0236B96F-0828-4C6F-8973-889878AA8065}
		{E46ADD45-F9B7-490A-97F5-5F0F4500FAE5} = {EBBCF194-DD7E-432D-AC76-8B1A2FD73C52}
		{69C26707-5A8C-43B6-81E7-148C22C05A18} = {0236B96F-0828-4C6F-8973-889878AA8065}
		{60B5E56E-0F96-4910-A57C-71CA657991B6} = {69C26707-5A8C-43B6-81E7-148C22C05A18}
		{40698C75-8930-4106-A9F6-2E8CEAF00261} = {7876AD99-9E4B-4CD7-9CE9-43E73EE700DA}
		{0499A319-241F-4AC2-9046-FADCBDBAF4EF} = {40698C75-8930-4106-A9F6-2E8CEAF00261}
		{9E117953-21BE-4AFB-B58E-CA83A8051A0F} = {F3766479-AD23-44D9-8691-A6AE05B1B2C6}
		{83A78490-C848-4684-96B0-0BA40F837FA6} = {7876AD99-9E4B-4CD7-9CE9-43E73EE700DA}
		{B0EC524C-4135-4148-9673-F2E391DEFF4D} = {83A78490-C848-4684-96B0-0BA40F837FA6}
		{6F8CB865-5EE1-4481-829F-0082B48637AD} = {DE1A963C-9EBE-4D1C-9CD4-9FCF9D28C370}
		{B82C4B51-AF66-4479-B790-55E64DF3A915} = {6F8CB865-5EE1-4481-829F-0082B48637AD}
		{202670AA-5551-4CC3-925A-94B3F4E4AC01} = {B82C4B51-AF66-4479-B790-55E64DF3A915}
		{5BF18B52-CA8C-47D5-9B24-466F60C6DF21} = {69C26707-5A8C-43B6-81E7-148C22C05A18}
		{07D91359-183A-4C5F-BB68-4FF55A737A43} = {69C26707-5A8C-43B6-81E7-148C22C05A18}
		{982764FE-FA64-4A8A-9220-B16F4CDE3AF3} = {EBBCF194-DD7E-432D-AC76-8B1A2FD73C52}
	EndGlobalSection
	GlobalSection(ExtensibilityGlobals) = postSolution
		SolutionGuid = {F794B35C-38B8-40BD-A24D-63BFCA222270}
	EndGlobalSection
EndGlobal
